
Microsoft Visual Studio Solution File, Format Version 12.00
Project("{FAE04EC0-301F-11D3-BF4B-00C04F79EFBC}") = "X_Launcher_Core", "X_Launcher_Core\X_Launcher_Core.csproj", "{AA42F167-3090-45ED-BF41-E6EA33D301F5}"
EndProject
Project("{FAE04EC0-301F-11D3-BF4B-00C04F79EFBC}") = "X_Launcher_GUI", "X_Launcher_GUI\X_Launcher_GUI.csproj", "{4D36104C-7234-4EF1-927C-53CAF10B72EA}"
EndProject
Project("{FAE04EC0-301F-11D3-BF4B-00C04F79EFBC}") = "X_Launcher_CLI", "X_Launcher_CLI\X_Launcher_CLI.csproj", "{A1173FA4-C8F7-497F-AD69-71DA5F9746B6}"
EndProject
Global
	GlobalSection(SolutionConfigurationPlatforms) = preSolution
		Debug|Any CPU = Debug|Any CPU
		Release|Any CPU = Release|Any CPU
	EndGlobalSection
	GlobalSection(ProjectConfigurationPlatforms) = postSolution
		{AA42F167-3090-45ED-BF41-E6EA33D301F5}.Debug|Any CPU.ActiveCfg = Debug|Any CPU
		{AA42F167-3090-45ED-BF41-E6EA33D301F5}.Debug|Any CPU.Build.0 = Debug|Any CPU
		{AA42F167-3090-45ED-BF41-E6EA33D301F5}.Release|Any CPU.ActiveCfg = Release|Any CPU
		{AA42F167-3090-45ED-BF41-E6EA33D301F5}.Release|Any CPU.Build.0 = Release|Any CPU
		{4D36104C-7234-4EF1-927C-53CAF10B72EA}.Debug|Any CPU.ActiveCfg = Debug|Any CPU
		{4D36104C-7234-4EF1-927C-53CAF10B72EA}.Debug|Any CPU.Build.0 = Debug|Any CPU
		{4D36104C-7234-4EF1-927C-53CAF10B72EA}.Release|Any CPU.ActiveCfg = Release|Any CPU
		{4D36104C-7234-4EF1-927C-53CAF10B72EA}.Release|Any CPU.Build.0 = Release|Any CPU
		{A1173FA4-C8F7-497F-AD69-71DA5F9746B6}.Debug|Any CPU.ActiveCfg = Debug|Any CPU
		{A1173FA4-C8F7-497F-AD69-71DA5F9746B6}.Debug|Any CPU.Build.0 = Debug|Any CPU
		{A1173FA4-C8F7-497F-AD69-71DA5F9746B6}.Release|Any CPU.ActiveCfg = Release|Any CPU
		{A1173FA4-C8F7-497F-AD69-71DA5F9746B6}.Release|Any CPU.Build.0 = Release|Any CPU
	EndGlobalSection
EndGlobal
